
Microsoft Visual Studio Solution File, Format Version 12.00
# Visual Studio Version 16
VisualStudioVersion = 16.0.30907.101
MinimumVisualStudioVersion = 10.0.40219.1
Project("{2150E333-8FDC-42A3-9474-1A3956D46DE8}") = "1 - API", "1 - API", "{DA6954EE-FAA4-46E2-AC5E-4AF3618852BF}"
EndProject
Project("{2150E333-8FDC-42A3-9474-1A3956D46DE8}") = "2 - DOMAIN", "2 - DOMAIN", "{D36409D2-2639-43EA-8CC6-36A180DD2A10}"
EndProject
Project("{2150E333-8FDC-42A3-9474-1A3956D46DE8}") = "3 - INFRA", "3 - INFRA", "{A274EFBF-4968-4495-8659-1BA012E5BF39}"
EndProject
Project("{9A19103F-16F7-4668-BE54-9A1E7A4F7556}") = "ManagerUsers.Domain", "ManagerUsers.Domain\ManagerUsers.Domain.csproj", "{7DDA2F00-EEDE-43C7-BC7B-69F78FEFB5D7}"
EndProject
Project("{9A19103F-16F7-4668-BE54-9A1E7A4F7556}") = "ManagerUsers.Infra", "ManagerUsers.Infra\ManagerUsers.Infra.csproj", "{677C499E-6E4D-4E8A-852A-0975DFCD1BBB}"
EndProject
Project("{9A19103F-16F7-4668-BE54-9A1E7A4F7556}") = "ManagerUsers.Api", "ManagerUsers.Api\ManagerUsers.Api.csproj", "{B5AE08FA-9807-400A-AF42-C6323221B146}"
EndProject
Global
	GlobalSection(SolutionConfigurationPlatforms) = preSolution
		Debug|Any CPU = Debug|Any CPU
		Release|Any CPU = Release|Any CPU
	EndGlobalSection
	GlobalSection(ProjectConfigurationPlatforms) = postSolution
		{7DDA2F00-EEDE-43C7-BC7B-69F78FEFB5D7}.Debug|Any CPU.ActiveCfg = Debug|Any CPU
		{7DDA2F00-EEDE-43C7-BC7B-69F78FEFB5D7}.Debug|Any CPU.Build.0 = Debug|Any CPU
		{7DDA2F00-EEDE-43C7-BC7B-69F78FEFB5D7}.Release|Any CPU.ActiveCfg = Release|Any CPU
		{7DDA2F00-EEDE-43C7-BC7B-69F78FEFB5D7}.Release|Any CPU.Build.0 = Release|Any CPU
		{677C499E-6E4D-4E8A-852A-0975DFCD1BBB}.Debug|Any CPU.ActiveCfg = Debug|Any CPU
		{677C499E-6E4D-4E8A-852A-0975DFCD1BBB}.Debug|Any CPU.Build.0 = Debug|Any CPU
		{677C499E-6E4D-4E8A-852A-0975DFCD1BBB}.Release|Any CPU.ActiveCfg = Release|Any CPU
		{677C499E-6E4D-4E8A-852A-0975DFCD1BBB}.Release|Any CPU.Build.0 = Release|Any CPU
		{B5AE08FA-9807-400A-AF42-C6323221B146}.Debug|Any CPU.ActiveCfg = Debug|Any CPU
		{B5AE08FA-9807-400A-AF42-C6323221B146}.Debug|Any CPU.Build.0 = Debug|Any CPU
		{B5AE08FA-9807-400A-AF42-C6323221B146}.Release|Any CPU.ActiveCfg = Release|Any CPU
		{B5AE08FA-9807-400A-AF42-C6323221B146}.Release|Any CPU.Build.0 = Release|Any CPU
	EndGlobalSection
	GlobalSection(SolutionProperties) = preSolution
		HideSolutionNode = FALSE
	EndGlobalSection
	GlobalSection(NestedProjects) = preSolution
		{7DDA2F00-EEDE-43C7-BC7B-69F78FEFB5D7} = {D36409D2-2639-43EA-8CC6-36A180DD2A10}
		{677C499E-6E4D-4E8A-852A-0975DFCD1BBB} = {A274EFBF-4968-4495-8659-1BA012E5BF39}
		{B5AE08FA-9807-400A-AF42-C6323221B146} = {DA6954EE-FAA4-46E2-AC5E-4AF3618852BF}
	EndGlobalSection
	GlobalSection(ExtensibilityGlobals) = postSolution
		SolutionGuid = {8D634D79-BF6A-4504-8C3A-D8997F91D873}
	EndGlobalSection
EndGlobal
